
Microsoft Visual Studio Solution File, Format Version 12.00
# Visual Studio Version 17
VisualStudioVersion = 17.1.32210.238
MinimumVisualStudioVersion = 10.0.40219.1
Project("{FAE04EC0-301F-11D3-BF4B-00C04F79EFBC}") = "PackingSlipApi", "PackingSlipApi\PackingSlipApi.csproj", "{94DE69B7-B4D4-4B94-A743-C4D1FCC14FE8}"
EndProject
Project("{FAE04EC0-301F-11D3-BF4B-00C04F79EFBC}") = "PackingSlipApiTests", "PackingSlipApiTests\PackingSlipApiTests.csproj", "{35A551A5-F348-4FA8-9E50-4CB6BC592372}"
EndProject
Global
	GlobalSection(SolutionConfigurationPlatforms) = preSolution
		Debug|Any CPU = Debug|Any CPU
		Release|Any CPU = Release|Any CPU
	EndGlobalSection
	GlobalSection(ProjectConfigurationPlatforms) = postSolution
		{94DE69B7-B4D4-4B94-A743-C4D1FCC14FE8}.Debug|Any CPU.ActiveCfg = Debug|Any CPU
		{94DE69B7-B4D4-4B94-A743-C4D1FCC14FE8}.Debug|Any CPU.Build.0 = Debug|Any CPU
		{94DE69B7-B4D4-4B94-A743-C4D1FCC14FE8}.Release|Any CPU.ActiveCfg = Release|Any CPU
		{94DE69B7-B4D4-4B94-A743-C4D1FCC14FE8}.Release|Any CPU.Build.0 = Release|Any CPU
		{35A551A5-F348-4FA8-9E50-4CB6BC592372}.Debug|Any CPU.ActiveCfg = Debug|Any CPU
		{35A551A5-F348-4FA8-9E50-4CB6BC592372}.Debug|Any CPU.Build.0 = Debug|Any CPU
		{35A551A5-F348-4FA8-9E50-4CB6BC592372}.Release|Any CPU.ActiveCfg = Release|Any CPU
		{35A551A5-F348-4FA8-9E50-4CB6BC592372}.Release|Any CPU.Build.0 = Release|Any CPU
	EndGlobalSection
	GlobalSection(SolutionProperties) = preSolution
		HideSolutionNode = FALSE
	EndGlobalSection
	GlobalSection(ExtensibilityGlobals) = postSolution
		SolutionGuid = {7ED39C1C-C5DE-498D-AC66-2B1333F0E082}
	EndGlobalSection
EndGlobal
